
Microsoft Visual Studio Solution File, Format Version 12.00
# Visual Studio Version 17
VisualStudioVersion = 17.11.35312.102
MinimumVisualStudioVersion = 10.0.40219.1
Project("{FAE04EC0-301F-11D3-BF4B-00C04F79EFBC}") = "lab.15", "lab.15.csproj", "{DB45AF3E-D5D7-45B3-BAFC-B0B64E7FD499}"
EndProject
Global
	GlobalSection(SolutionConfigurationPlatforms) = preSolution
		Debug|Any CPU = Debug|Any CPU
		Release|Any CPU = Release|Any CPU
	EndGlobalSection
	GlobalSection(ProjectConfigurationPlatforms) = postSolution
		{DB45AF3E-D5D7-45B3-BAFC-B0B64E7FD499}.Debug|Any CPU.ActiveCfg = Debug|Any CPU
		{DB45AF3E-D5D7-45B3-BAFC-B0B64E7FD499}.Debug|Any CPU.Build.0 = Debug|Any CPU
		{DB45AF3E-D5D7-45B3-BAFC-B0B64E7FD499}.Release|Any CPU.ActiveCfg = Release|Any CPU
		{DB45AF3E-D5D7-45B3-BAFC-B0B64E7FD499}.Release|Any CPU.Build.0 = Release|Any CPU
	EndGlobalSection
	GlobalSection(SolutionProperties) = preSolution
		HideSolutionNode = FALSE
	EndGlobalSection
	GlobalSection(ExtensibilityGlobals) = postSolution
		SolutionGuid = {C5AE090A-7968-4270-B46B-8FEE50809FA2}
	EndGlobalSection
EndGlobal
